
Microsoft Visual Studio Solution File, Format Version 12.00
# Visual Studio Version 17
VisualStudioVersion = 17.0.31903.59
MinimumVisualStudioVersion = 10.0.40219.1
Project("{FAE04EC0-301F-11D3-BF4B-00C04F79EFBC}") = "Exercise1.API", "Exercise1.API\Exercise1.API.csproj", "{B7553AD1-7467-4050-9DF1-AF1BA681BC73}"
EndProject
Project("{FAE04EC0-301F-11D3-BF4B-00C04F79EFBC}") = "Exercise1.DataLayer", "Exercise1.DataLayer\Exercise1.DataLayer.csproj", "{AFEA85A9-E9F3-472F-8FA4-DF0329A70AA3}"
EndProject
Global
	GlobalSection(SolutionConfigurationPlatforms) = preSolution
		Debug|Any CPU = Debug|Any CPU
		Release|Any CPU = Release|Any CPU
	EndGlobalSection
	GlobalSection(ProjectConfigurationPlatforms) = postSolution
		{B7553AD1-7467-4050-9DF1-AF1BA681BC73}.Debug|Any CPU.ActiveCfg = Debug|Any CPU
		{B7553AD1-7467-4050-9DF1-AF1BA681BC73}.Debug|Any CPU.Build.0 = Debug|Any CPU
		{B7553AD1-7467-4050-9DF1-AF1BA681BC73}.Release|Any CPU.ActiveCfg = Release|Any CPU
		{B7553AD1-7467-4050-9DF1-AF1BA681BC73}.Release|Any CPU.Build.0 = Release|Any CPU
		{AFEA85A9-E9F3-472F-8FA4-DF0329A70AA3}.Debug|Any CPU.ActiveCfg = Debug|Any CPU
		{AFEA85A9-E9F3-472F-8FA4-DF0329A70AA3}.Debug|Any CPU.Build.0 = Debug|Any CPU
		{AFEA85A9-E9F3-472F-8FA4-DF0329A70AA3}.Release|Any CPU.ActiveCfg = Release|Any CPU
		{AFEA85A9-E9F3-472F-8FA4-DF0329A70AA3}.Release|Any CPU.Build.0 = Release|Any CPU
	EndGlobalSection
	GlobalSection(SolutionProperties) = preSolution
		HideSolutionNode = FALSE
	EndGlobalSection
	GlobalSection(ExtensibilityGlobals) = postSolution
		SolutionGuid = {FBEE9863-E012-4405-97E9-554939E2E33D}
	EndGlobalSection
EndGlobal
